
Microsoft Visual Studio Solution File, Format Version 12.00
# Visual Studio Version 17
VisualStudioVersion = 17.9.34622.214
MinimumVisualStudioVersion = 10.0.40219.1
Project("{9A19103F-16F7-4668-BE54-9A1E7A4F7556}") = "SmartPowerHub", "SmartPowerHub.csproj", "{0E3F9C5B-BADC-474C-9467-D041D6775BC2}"
	ProjectSection(ProjectDependencies) = postProject
		{B51E6C1A-A020-4371-8FB7-638F02C090E9} = {B51E6C1A-A020-4371-8FB7-638F02C090E9}
	EndProjectSection
EndProject
Project("{FAE04EC0-301F-11D3-BF4B-00C04F79EFBC}") = "ZigBeeControllerMockup", "ZigBeeControllerMockup\ZigBeeControllerMockup.csproj", "{B51E6C1A-A020-4371-8FB7-638F02C090E9}"
EndProject
Global
	GlobalSection(SolutionConfigurationPlatforms) = preSolution
		Debug|Any CPU = Debug|Any CPU
		Release|Any CPU = Release|Any CPU
	EndGlobalSection
	GlobalSection(ProjectConfigurationPlatforms) = postSolution
		{0E3F9C5B-BADC-474C-9467-D041D6775BC2}.Debug|Any CPU.ActiveCfg = Debug|Any CPU
		{0E3F9C5B-BADC-474C-9467-D041D6775BC2}.Debug|Any CPU.Build.0 = Debug|Any CPU
		{0E3F9C5B-BADC-474C-9467-D041D6775BC2}.Release|Any CPU.ActiveCfg = Release|Any CPU
		{0E3F9C5B-BADC-474C-9467-D041D6775BC2}.Release|Any CPU.Build.0 = Release|Any CPU
		{B51E6C1A-A020-4371-8FB7-638F02C090E9}.Debug|Any CPU.ActiveCfg = Debug|Any CPU
		{B51E6C1A-A020-4371-8FB7-638F02C090E9}.Debug|Any CPU.Build.0 = Debug|Any CPU
		{B51E6C1A-A020-4371-8FB7-638F02C090E9}.Release|Any CPU.ActiveCfg = Release|Any CPU
		{B51E6C1A-A020-4371-8FB7-638F02C090E9}.Release|Any CPU.Build.0 = Release|Any CPU
	EndGlobalSection
	GlobalSection(SolutionProperties) = preSolution
		HideSolutionNode = FALSE
	EndGlobalSection
	GlobalSection(ExtensibilityGlobals) = postSolution
		SolutionGuid = {7BF46DC0-1C60-4B01-A383-5BAAD3354AA5}
	EndGlobalSection
EndGlobal
